
Microsoft Visual Studio Solution File, Format Version 12.00
# Visual Studio 15
VisualStudioVersion = 15.0.28307.705
MinimumVisualStudioVersion = 10.0.40219.1
Project("{FAE04EC0-301F-11D3-BF4B-00C04F79EFBC}") = "TaskManager.API", "TaskManager.API\TaskManager.API.csproj", "{55FF2758-298E-4858-ADE1-65358B2AE928}"
EndProject
Global
	GlobalSection(SolutionConfigurationPlatforms) = preSolution
		Debug|Any CPU = Debug|Any CPU
		Release|Any CPU = Release|Any CPU
	EndGlobalSection
	GlobalSection(ProjectConfigurationPlatforms) = postSolution
		{55FF2758-298E-4858-ADE1-65358B2AE928}.Debug|Any CPU.ActiveCfg = Debug|Any CPU
		{55FF2758-298E-4858-ADE1-65358B2AE928}.Debug|Any CPU.Build.0 = Debug|Any CPU
		{55FF2758-298E-4858-ADE1-65358B2AE928}.Release|Any CPU.ActiveCfg = Release|Any CPU
		{55FF2758-298E-4858-ADE1-65358B2AE928}.Release|Any CPU.Build.0 = Release|Any CPU
	EndGlobalSection
	GlobalSection(SolutionProperties) = preSolution
		HideSolutionNode = FALSE
	EndGlobalSection
	GlobalSection(ExtensibilityGlobals) = postSolution
		SolutionGuid = {169B61E8-57B4-4809-9E70-63CD3C297B77}
	EndGlobalSection
EndGlobal
